// !$*UTF8*$!
{
	archiveVersion = 1;
	classes = {
	};
	objectVersion = 50;
	objects = {

/* Begin PBXBuildFile section */
		04BD9CD926482D2D00159500 /* AppDelegate.swift in Sources */ = {isa = PBXBuildFile; fileRef = 04BD9CD826482D2D00159500 /* AppDelegate.swift */; };
		04BD9CDB26482D2D00159500 /* SceneDelegate.swift in Sources */ = {isa = PBXBuildFile; fileRef = 04BD9CDA26482D2D00159500 /* SceneDelegate.swift */; };
		04BD9CDD26482D2D00159500 /* ViewController.swift in Sources */ = {isa = PBXBuildFile; fileRef = 04BD9CDC26482D2D00159500 /* ViewController.swift */; };
		04BD9CE026482D2D00159500 /* Main.storyboard in Resources */ = {isa = PBXBuildFile; fileRef = 04BD9CDE26482D2D00159500 /* Main.storyboard */; };
		04BD9CE226482D2F00159500 /* Assets.xcassets in Resources */ = {isa = PBXBuildFile; fileRef = 04BD9CE126482D2F00159500 /* Assets.xcassets */; };
		04BD9CE526482D2F00159500 /* LaunchScreen.storyboard in Resources */ = {isa = PBXBuildFile; fileRef = 04BD9CE326482D2F00159500 /* LaunchScreen.storyboard */; };
		04BD9CF026482D3000159500 /* QuizTests.swift in Sources */ = {isa = PBXBuildFile; fileRef = 04BD9CEF26482D3000159500 /* QuizTests.swift */; };
		04BD9CFB26482D3000159500 /* QuizUITests.swift in Sources */ = {isa = PBXBuildFile; fileRef = 04BD9CFA26482D3000159500 /* QuizUITests.swift */; };
/* End PBXBuildFile section */

/* Begin PBXContainerItemProxy section */
		04BD9CEC26482D3000159500 /* PBXContainerItemProxy */ = {
			isa = PBXContainerItemProxy;
			containerPortal = 04BD9CCD26482D2D00159500 /* Project object */;
			proxyType = 1;
			remoteGlobalIDString = 04BD9CD426482D2D00159500;
			remoteInfo = Quiz;
		};
		04BD9CF726482D3000159500 /* PBXContainerItemProxy */ = {
			isa = PBXContainerItemProxy;
			containerPortal = 04BD9CCD26482D2D00159500 /* Project object */;
			proxyType = 1;
			remoteGlobalIDString = 04BD9CD426482D2D00159500;
			remoteInfo = Quiz;
		};
/* End PBXContainerItemProxy section */

/* Begin PBXFileReference section */
		04BD9CD526482D2D00159500 /* Quiz.app */ = {isa = PBXFileReference; explicitFileType = wrapper.application; includeInIndex = 0; path = Quiz.app; sourceTree = BUILT_PRODUCTS_DIR; };
		04BD9CD826482D2D00159500 /* AppDelegate.swift */ = {isa = PBXFileReference; lastKnownFileType = sourcecode.swift; path = AppDelegate.swift; sourceTree = "<group>"; };
		04BD9CDA26482D2D00159500 /* SceneDelegate.swift */ = {isa = PBXFileReference; lastKnownFileType = sourcecode.swift; path = SceneDelegate.swift; sourceTree = "<group>"; };
		04BD9CDC26482D2D00159500 /* ViewController.swift */ = {isa = PBXFileReference; lastKnownFileType = sourcecode.swift; path = ViewController.swift; sourceTree = "<group>"; };
		04BD9CDF26482D2D00159500 /* Base */ = {isa = PBXFileReference; lastKnownFileType = file.storyboard; name = Base; path = Base.lproj/Main.storyboard; sourceTree = "<group>"; };
		04BD9CE126482D2F00159500 /* Assets.xcassets */ = {isa = PBXFileReference; lastKnownFileType = folder.assetcatalog; path = Assets.xcassets; sourceTree = "<group>"; };
		04BD9CE426482D2F00159500 /* Base */ = {isa = PBXFileReference; lastKnownFileType = file.storyboard; name = Base; path = Base.lproj/LaunchScreen.storyboard; sourceTree = "<group>"; };
		04BD9CE626482D2F00159500 /* Info.plist */ = {isa = PBXFileReference; lastKnownFileType = text.plist.xml; path = Info.plist; sourceTree = "<group>"; };
		04BD9CEB26482D3000159500 /* QuizTests.xctest */ = {isa = PBXFileReference; explicitFileType = wrapper.cfbundle; includeInIndex = 0; path = QuizTests.xctest; sourceTree = BUILT_PRODUCTS_DIR; };
		04BD9CEF26482D3000159500 /* QuizTests.swift */ = {isa = PBXFileReference; lastKnownFileType = sourcecode.swift; path = QuizTests.swift; sourceTree = "<group>"; };
		04BD9CF126482D3000159500 /* Info.plist */ = {isa = PBXFileReference; lastKnownFileType = text.plist.xml; path = Info.plist; sourceTree = "<group>"; };
		04BD9CF626482D3000159500 /* QuizUITests.xctest */ = {isa = PBXFileReference; explicitFileType = wrapper.cfbundle; includeInIndex = 0; path = QuizUITests.xctest; sourceTree = BUILT_PRODUCTS_DIR; };
		04BD9CFA26482D3000159500 /* QuizUITests.swift */ = {isa = PBXFileReference; lastKnownFileType = sourcecode.swift; path = QuizUITests.swift; sourceTree = "<group>"; };
		04BD9CFC26482D3000159500 /* Info.plist */ = {isa = PBXFileReference; lastKnownFileType = text.plist.xml; path = Info.plist; sourceTree = "<group>"; };
/* End PBXFileReference section */

/* Begin PBXFrameworksBuildPhase section */
		04BD9CD226482D2D00159500 /* Frameworks */ = {
			isa = PBXFrameworksBuildPhase;
			buildActionMask = 2147483647;
			files = (
			);
			runOnlyForDeploymentPostprocessing = 0;
		};
		04BD9CE826482D3000159500 /* Frameworks */ = {
			isa = PBXFrameworksBuildPhase;
			buildActionMask = 2147483647;
			files = (
			);
			runOnlyForDeploymentPostprocessing = 0;
		};
		04BD9CF326482D3000159500 /* Frameworks */ = {
			isa = PBXFrameworksBuildPhase;
			buildActionMask = 2147483647;
			files = (
			);
			runOnlyForDeploymentPostprocessing = 0;
		};
/* End PBXFrameworksBuildPhase section */

/* Begin PBXGroup section */
		04BD9CCC26482D2D00159500 = {
			isa = PBXGroup;
			children = (
				04BD9CD726482D2D00159500 /* Quiz */,
				04BD9CEE26482D3000159500 /* QuizTests */,
				04BD9CF926482D3000159500 /* QuizUITests */,
				04BD9CD626482D2D00159500 /* Products */,
			);
			sourceTree = "<group>";
		};
		04BD9CD626482D2D00159500 /* Products */ = {
			isa = PBXGroup;
			children = (
				04BD9CD526482D2D00159500 /* Quiz.app */,
				04BD9CEB26482D3000159500 /* QuizTests.xctest */,
				04BD9CF626482D3000159500 /* QuizUITests.xctest */,
			);
			name = Products;
			sourceTree = "<group>";
		};
		04BD9CD726482D2D00159500 /* Quiz */ = {
			isa = PBXGroup;
			children = (
				04BD9CD826482D2D00159500 /* AppDelegate.swift */,
				04BD9CDA26482D2D00159500 /* SceneDelegate.swift */,
				04BD9CDC26482D2D00159500 /* ViewController.swift */,
				04BD9CDE26482D2D00159500 /* Main.storyboard */,
				04BD9CE126482D2F00159500 /* Assets.xcassets */,
				04BD9CE326482D2F00159500 /* LaunchScreen.storyboard */,
				04BD9CE626482D2F00159500 /* Info.plist */,
			);
			path = Quiz;
			sourceTree = "<group>";
		};
		04BD9CEE26482D3000159500 /* QuizTests */ = {
			isa = PBXGroup;
			children = (
				04BD9CEF26482D3000159500 /* QuizTests.swift */,
				04BD9CF126482D3000159500 /* Info.plist */,
			);
			path = QuizTests;
			sourceTree = "<group>";
		};
		04BD9CF926482D3000159500 /* QuizUITests */ = {
			isa = PBXGroup;
			children = (
				04BD9CFA26482D3000159500 /* QuizUITests.swift */,
				04BD9CFC26482D3000159500 /* Info.plist */,
			);
			path = QuizUITests;
			sourceTree = "<group>";
		};
/* End PBXGroup section */

/* Begin PBXNativeTarget section */
		04BD9CD426482D2D00159500 /* Quiz */ = {
			isa = PBXNativeTarget;
			buildConfigurationList = 04BD9CFF26482D3000159500 /* Build configuration list for PBXNativeTarget "Quiz" */;
			buildPhases = (
				04BD9CD126482D2D00159500 /* Sources */,
				04BD9CD226482D2D00159500 /* Frameworks */,
				04BD9CD326482D2D00159500 /* Resources */,
			);
			buildRules = (
			);
			dependencies = (
			);
			name = Quiz;
			productName = Quiz;
			productReference = 04BD9CD526482D2D00159500 /* Quiz.app */;
			productType = "com.apple.product-type.application";
		};
		04BD9CEA26482D3000159500 /* QuizTests */ = {
			isa = PBXNativeTarget;
			buildConfigurationList = 04BD9D0226482D3000159500 /* Build configuration list for PBXNativeTarget "QuizTests" */;
			buildPhases = (
				04BD9CE726482D3000159500 /* Sources */,
				04BD9CE826482D3000159500 /* Frameworks */,
				04BD9CE926482D3000159500 /* Resources */,
			);
			buildRules = (
			);
			dependencies = (
				04BD9CED26482D3000159500 /* PBXTargetDependency */,
			);
			name = QuizTests;
			productName = QuizTests;
			productReference = 04BD9CEB26482D3000159500 /* QuizTests.xctest */;
			productType = "com.apple.product-type.bundle.unit-test";
		};
		04BD9CF526482D3000159500 /* QuizUITests */ = {
			isa = PBXNativeTarget;
			buildConfigurationList = 04BD9D0526482D3000159500 /* Build configuration list for PBXNativeTarget "QuizUITests" */;
			buildPhases = (
				04BD9CF226482D3000159500 /* Sources */,
				04BD9CF326482D3000159500 /* Frameworks */,
				04BD9CF426482D3000159500 /* Resources */,
			);
			buildRules = (
			);
			dependencies = (
				04BD9CF826482D3000159500 /* PBXTargetDependency */,
			);
			name = QuizUITests;
			productName = QuizUITests;
			productReference = 04BD9CF626482D3000159500 /* QuizUITests.xctest */;
			productType = "com.apple.product-type.bundle.ui-testing";
		};
/* End PBXNativeTarget section */

/* Begin PBXProject section */
		04BD9CCD26482D2D00159500 /* Project object */ = {
			isa = PBXProject;
			attributes = {
				LastSwiftUpdateCheck = 1240;
				LastUpgradeCheck = 1240;
				TargetAttributes = {
					04BD9CD426482D2D00159500 = {
						CreatedOnToolsVersion = 12.4;
					};
					04BD9CEA26482D3000159500 = {
						CreatedOnToolsVersion = 12.4;
						TestTargetID = 04BD9CD426482D2D00159500;
					};
					04BD9CF526482D3000159500 = {
						CreatedOnToolsVersion = 12.4;
						TestTargetID = 04BD9CD426482D2D00159500;
					};
				};
			};
			buildConfigurationList = 04BD9CD026482D2D00159500 /* Build configuration list for PBXProject "Quiz" */;
			compatibilityVersion = "Xcode 9.3";
			developmentRegion = en;
			hasScannedForEncodings = 0;
			knownRegions = (
				en,
				Base,
			);
			mainGroup = 04BD9CCC26482D2D00159500;
			productRefGroup = 04BD9CD626482D2D00159500 /* Products */;
			projectDirPath = "";
			projectRoot = "";
			targets = (
				04BD9CD426482D2D00159500 /* Quiz */,
				04BD9CEA26482D3000159500 /* QuizTests */,
				04BD9CF526482D3000159500 /* QuizUITests */,
			);
		};
/* End PBXProject section */

/* Begin PBXResourcesBuildPhase section */
		04BD9CD326482D2D00159500 /* Resources */ = {
			isa = PBXResourcesBuildPhase;
			buildActionMask = 2147483647;
			files = (
				04BD9CE526482D2F00159500 /* LaunchScreen.storyboard in Resources */,
				04BD9CE226482D2F00159500 /* Assets.xcassets in Resources */,
				04BD9CE026482D2D00159500 /* Main.storyboard in Resources */,
			);
			runOnlyForDeploymentPostprocessing = 0;
		};
		04BD9CE926482D3000159500 /* Resources */ = {
			isa = PBXResourcesBuildPhase;
			buildActionMask = 2147483647;
			files = (
			);
			runOnlyForDeploymentPostprocessing = 0;
		};
		04BD9CF426482D3000159500 /* Resources */ = {
			isa = PBXResourcesBuildPhase;
			buildActionMask = 2147483647;
			files = (
			);
			runOnlyForDeploymentPostprocessing = 0;
		};
/* End PBXResourcesBuildPhase section */

/* Begin PBXSourcesBuildPhase section */
		04BD9CD126482D2D00159500 /* Sources */ = {
			isa = PBXSourcesBuildPhase;
			buildActionMask = 2147483647;
			files = (
				04BD9CDD26482D2D00159500 /* ViewController.swift in Sources */,
				04BD9CD926482D2D00159500 /* AppDelegate.swift in Sources */,
				04BD9CDB26482D2D00159500 /* SceneDelegate.swift in Sources */,
			);
			runOnlyForDeploymentPostprocessing = 0;
		};
		04BD9CE726482D3000159500 /* Sources */ = {
			isa = PBXSourcesBuildPhase;
			buildActionMask = 2147483647;
			files = (
				04BD9CF026482D3000159500 /* QuizTests.swift in Sources */,
			);
			runOnlyForDeploymentPostprocessing = 0;
		};
		04BD9CF226482D3000159500 /* Sources */ = {
			isa = PBXSourcesBuildPhase;
			buildActionMask = 2147483647;
			files = (
				04BD9CFB26482D3000159500 /* QuizUITests.swift in Sources */,
			);
			runOnlyForDeploymentPostprocessing = 0;
		};
/* End PBXSourcesBuildPhase section */

/* Begin PBXTargetDependency section */
		04BD9CED26482D3000159500 /* PBXTargetDependency */ = {
			isa = PBXTargetDependency;
			target = 04BD9CD426482D2D00159500 /* Quiz */;
			targetProxy = 04BD9CEC26482D3000159500 /* PBXContainerItemProxy */;
		};
		04BD9CF826482D3000159500 /* PBXTargetDependency */ = {
			isa = PBXTargetDependency;
			target = 04BD9CD426482D2D00159500 /* Quiz */;
			targetProxy = 04BD9CF726482D3000159500 /* PBXContainerItemProxy */;
		};
/* End PBXTargetDependency section */

/* Begin PBXVariantGroup section */
		04BD9CDE26482D2D00159500 /* Main.storyboard */ = {
			isa = PBXVariantGroup;
			children = (
				04BD9CDF26482D2D00159500 /* Base */,
			);
			name = Main.storyboard;
			sourceTree = "<group>";
		};
		04BD9CE326482D2F00159500 /* LaunchScreen.storyboard */ = {
			isa = PBXVariantGroup;
			children = (
				04BD9CE426482D2F00159500 /* Base */,
			);
			name = LaunchScreen.storyboard;
			sourceTree = "<group>";
		};
/* End PBXVariantGroup section */

/* Begin XCBuildConfiguration section */
		04BD9CFD26482D3000159500 /* Debug */ = {
			isa = XCBuildConfiguration;
			buildSettings = {
				ALWAYS_SEARCH_USER_PATHS = NO;
				CLANG_ANALYZER_NONNULL = YES;
				CLANG_ANALYZER_NUMBER_OBJECT_CONVERSION = YES_AGGRESSIVE;
				CLANG_CXX_LANGUAGE_STANDARD = "gnu++14";
				CLANG_CXX_LIBRARY = "libc++";
				CLANG_ENABLE_MODULES = YES;
				CLANG_ENABLE_OBJC_ARC = YES;
				CLANG_ENABLE_OBJC_WEAK = YES;
				CLANG_WARN_BLOCK_CAPTURE_AUTORELEASING = YES;
				CLANG_WARN_BOOL_CONVERSION = YES;
				CLANG_WARN_COMMA = YES;
				CLANG_WARN_CONSTANT_CONVERSION = YES;
				CLANG_WARN_DEPRECATED_OBJC_IMPLEMENTATIONS = YES;
				CLANG_WARN_DIRECT_OBJC_ISA_USAGE = YES_ERROR;
				CLANG_WARN_DOCUMENTATION_COMMENTS = YES;
				CLANG_WARN_EMPTY_BODY = YES;
				CLANG_WARN_ENUM_CONVERSION = YES;
				CLANG_WARN_INFINITE_RECURSION = YES;
				CLANG_WARN_INT_CONVERSION = YES;
				CLANG_WARN_NON_LITERAL_NULL_CONVERSION = YES;
				CLANG_WARN_OBJC_IMPLICIT_RETAIN_SELF = YES;
				CLANG_WARN_OBJC_LITERAL_CONVERSION = YES;
				CLANG_WARN_OBJC_ROOT_CLASS = YES_ERROR;
				CLANG_WARN_QUOTED_INCLUDE_IN_FRAMEWORK_HEADER = YES;
				CLANG_WARN_RANGE_LOOP_ANALYSIS = YES;
				CLANG_WARN_STRICT_PROTOTYPES = YES;
				CLANG_WARN_SUSPICIOUS_MOVE = YES;
				CLANG_WARN_UNGUARDED_AVAILABILITY = YES_AGGRESSIVE;
				CLANG_WARN_UNREACHABLE_CODE = YES;
				CLANG_WARN__DUPLICATE_METHOD_MATCH = YES;
				COPY_PHASE_STRIP = NO;
				DEBUG_INFORMATION_FORMAT = dwarf;
				ENABLE_STRICT_OBJC_MSGSEND = YES;
				ENABLE_TESTABILITY = YES;
				GCC_C_LANGUAGE_STANDARD = gnu11;
				GCC_DYNAMIC_NO_PIC = NO;
				GCC_NO_COMMON_BLOCKS = YES;
				GCC_OPTIMIZATION_LEVEL = 0;
				GCC_PREPROCESSOR_DEFINITIONS = (
					"DEBUG=1",
					"$(inherited)",
				);
				GCC_WARN_64_TO_32_BIT_CONVERSION = YES;
				GCC_WARN_ABOUT_RETURN_TYPE = YES_ERROR;
				GCC_WARN_UNDECLARED_SELECTOR = YES;
				GCC_WARN_UNINITIALIZED_AUTOS = YES_AGGRESSIVE;
				GCC_WARN_UNUSED_FUNCTION = YES;
				GCC_WARN_UNUSED_VARIABLE = YES;
				IPHONEOS_DEPLOYMENT_TARGET = 14.4;
				MTL_ENABLE_DEBUG_INFO = INCLUDE_SOURCE;
				MTL_FAST_MATH = YES;
				ONLY_ACTIVE_ARCH = YES;
				SDKROOT = iphoneos;
				SWIFT_ACTIVE_COMPILATION_CONDITIONS = DEBUG;
				SWIFT_OPTIMIZATION_LEVEL = "-Onone";
			};
			name = Debug;
		};
		04BD9CFE26482D3000159500 /* Release */ = {
			isa = XCBuildConfiguration;
			buildSettings = {
				ALWAYS_SEARCH_USER_PATHS = NO;
				CLANG_ANALYZER_NONNULL = YES;
				CLANG_ANALYZER_NUMBER_OBJECT_CONVERSION = YES_AGGRESSIVE;
				CLANG_CXX_LANGUAGE_STANDARD = "gnu++14";
				CLANG_CXX_LIBRARY = "libc++";
				CLANG_ENABLE_MODULES = YES;
				CLANG_ENABLE_OBJC_ARC = YES;
				CLANG_ENABLE_OBJC_WEAK = YES;
				CLANG_WARN_BLOCK_CAPTURE_AUTORELEASING = YES;
				CLANG_WARN_BOOL_CONVERSION = YES;
				CLANG_WARN_COMMA = YES;
				CLANG_WARN_CONSTANT_CONVERSION = YES;
				CLANG_WARN_DEPRECATED_OBJC_IMPLEMENTATIONS = YES;
				CLANG_WARN_DIRECT_OBJC_ISA_USAGE = YES_ERROR;
				CLANG_WARN_DOCUMENTATION_COMMENTS = YES;
				CLANG_WARN_EMPTY_BODY = YES;
				CLANG_WARN_ENUM_CONVERSION = YES;
				CLANG_WARN_INFINITE_RECURSION = YES;
				CLANG_WARN_INT_CONVERSION = YES;
				CLANG_WARN_NON_LITERAL_NULL_CONVERSION = YES;
				CLANG_WARN_OBJC_IMPLICIT_RETAIN_SELF = YES;
				CLANG_WARN_OBJC_LITERAL_CONVERSION = YES;
				CLANG_WARN_OBJC_ROOT_CLASS = YES_ERROR;
				CLANG_WARN_QUOTED_INCLUDE_IN_FRAMEWORK_HEADER = YES;
				CLANG_WARN_RANGE_LOOP_ANALYSIS = YES;
				CLANG_WARN_STRICT_PROTOTYPES = YES;
				CLANG_WARN_SUSPICIOUS_MOVE = YES;
				CLANG_WARN_UNGUARDED_AVAILABILITY = YES_AGGRESSIVE;
				CLANG_WARN_UNREACHABLE_CODE = YES;
				CLANG_WARN__DUPLICATE_METHOD_MATCH = YES;
				COPY_PHASE_STRIP = NO;
				DEBUG_INFORMATION_FORMAT = "dwarf-with-dsym";
				ENABLE_NS_ASSERTIONS = NO;
				ENABLE_STRICT_OBJC_MSGSEND = YES;
				GCC_C_LANGUAGE_STANDARD = gnu11;
				GCC_NO_COMMON_BLOCKS = YES;
				GCC_WARN_64_TO_32_BIT_CONVERSION = YES;
				GCC_WARN_ABOUT_RETURN_TYPE = YES_ERROR;
				GCC_WARN_UNDECLARED_SELECTOR = YES;
				GCC_WARN_UNINITIALIZED_AUTOS = YES_AGGRESSIVE;
				GCC_WARN_UNUSED_FUNCTION = YES;
				GCC_WARN_UNUSED_VARIABLE = YES;
				IPHONEOS_DEPLOYMENT_TARGET = 14.4;
				MTL_ENABLE_DEBUG_INFO = NO;
				MTL_FAST_MATH = YES;
				SDKROOT = iphoneos;
				SWIFT_COMPILATION_MODE = wholemodule;
				SWIFT_OPTIMIZATION_LEVEL = "-O";
				VALIDATE_PRODUCT = YES;
			};
			name = Release;
		};
		04BD9D0026482D3000159500 /* Debug */ = {
			isa = XCBuildConfiguration;
			buildSettings = {
				ASSETCATALOG_COMPILER_APPICON_NAME = AppIcon;
				ASSETCATALOG_COMPILER_GLOBAL_ACCENT_COLOR_NAME = AccentColor;
				CODE_SIGN_STYLE = Automatic;
				INFOPLIST_FILE = Quiz/Info.plist;
				LD_RUNPATH_SEARCH_PATHS = (
					"$(inherited)",
					"@executable_path/Frameworks",
				);
				PRODUCT_BUNDLE_IDENTIFIER = tai.Quiz;
				PRODUCT_NAME = "$(TARGET_NAME)";
				SWIFT_VERSION = 5.0;
				TARGETED_DEVICE_FAMILY = "1,2";
			};
			name = Debug;
		};
		04BD9D0126482D3000159500 /* Release */ = {
			isa = XCBuildConfiguration;
			buildSettings = {
				ASSETCATALOG_COMPILER_APPICON_NAME = AppIcon;
				ASSETCATALOG_COMPILER_GLOBAL_ACCENT_COLOR_NAME = AccentColor;
				CODE_SIGN_STYLE = Automatic;
				INFOPLIST_FILE = Quiz/Info.plist;
				LD_RUNPATH_SEARCH_PATHS = (
					"$(inherited)",
					"@executable_path/Frameworks",
				);
				PRODUCT_BUNDLE_IDENTIFIER = tai.Quiz;
				PRODUCT_NAME = "$(TARGET_NAME)";
				SWIFT_VERSION = 5.0;
				TARGETED_DEVICE_FAMILY = "1,2";
			};
			name = Release;
		};
		04BD9D0326482D3000159500 /* Debug */ = {
			isa = XCBuildConfiguration;
			buildSettings = {
				ALWAYS_EMBED_SWIFT_STANDARD_LIBRARIES = YES;
				BUNDLE_LOADER = "$(TEST_HOST)";
				CODE_SIGN_STYLE = Automatic;
				INFOPLIST_FILE = QuizTests/Info.plist;
				IPHONEOS_DEPLOYMENT_TARGET = 14.4;
				LD_RUNPATH_SEARCH_PATHS = (
					"$(inherited)",
					"@executable_path/Frameworks",
					"@loader_path/Frameworks",
				);
				PRODUCT_BUNDLE_IDENTIFIER = tai.QuizTests;
				PRODUCT_NAME = "$(TARGET_NAME)";
				SWIFT_VERSION = 5.0;
				TARGETED_DEVICE_FAMILY = "1,2";
				TEST_HOST = "$(BUILT_PRODUCTS_DIR)/Quiz.app/Quiz";
			};
			name = Debug;
		};
		04BD9D0426482D3000159500 /* Release */ = {
			isa = XCBuildConfiguration;
			buildSettings = {
				ALWAYS_EMBED_SWIFT_STANDARD_LIBRARIES = YES;
				BUNDLE_LOADER = "$(TEST_HOST)";
				CODE_SIGN_STYLE = Automatic;
				INFOPLIST_FILE = QuizTests/Info.plist;
				IPHONEOS_DEPLOYMENT_TARGET = 14.4;
				LD_RUNPATH_SEARCH_PATHS = (
					"$(inherited)",
					"@executable_path/Frameworks",
					"@loader_path/Frameworks",
				);
				PRODUCT_BUNDLE_IDENTIFIER = tai.QuizTests;
				PRODUCT_NAME = "$(TARGET_NAME)";
				SWIFT_VERSION = 5.0;
				TARGETED_DEVICE_FAMILY = "1,2";
				TEST_HOST = "$(BUILT_PRODUCTS_DIR)/Quiz.app/Quiz";
			};
			name = Release;
		};
		04BD9D0626482D3000159500 /* Debug */ = {
			isa = XCBuildConfiguration;
			buildSettings = {
				ALWAYS_EMBED_SWIFT_STANDARD_LIBRARIES = YES;
				CODE_SIGN_STYLE = Automatic;
				INFOPLIST_FILE = QuizUITests/Info.plist;
				LD_RUNPATH_SEARCH_PATHS = (
					"$(inherited)",
					"@executable_path/Frameworks",
					"@loader_path/Frameworks",
				);
				PRODUCT_BUNDLE_IDENTIFIER = tai.QuizUITests;
				PRODUCT_NAME = "$(TARGET_NAME)";
				SWIFT_VERSION = 5.0;
				TARGETED_DEVICE_FAMILY = "1,2";
				TEST_TARGET_NAME = Quiz;
			};
			name = Debug;
		};
		04BD9D0726482D3000159500 /* Release */ = {
			isa = XCBuildConfiguration;
			buildSettings = {
				ALWAYS_EMBED_SWIFT_STANDARD_LIBRARIES = YES;
				CODE_SIGN_STYLE = Automatic;
				INFOPLIST_FILE = QuizUITests/Info.plist;
				LD_RUNPATH_SEARCH_PATHS = (
					"$(inherited)",
					"@executable_path/Frameworks",
					"@loader_path/Frameworks",
				);
				PRODUCT_BUNDLE_IDENTIFIER = tai.QuizUITests;
				PRODUCT_NAME = "$(TARGET_NAME)";
				SWIFT_VERSION = 5.0;
				TARGETED_DEVICE_FAMILY = "1,2";
				TEST_TARGET_NAME = Quiz;
			};
			name = Release;
		};
/* End XCBuildConfiguration section */

/* Begin XCConfigurationList section */
		04BD9CD026482D2D00159500 /* Build configuration list for PBXProject "Quiz" */ = {
			isa = XCConfigurationList;
			buildConfigurations = (
				04BD9CFD26482D3000159500 /* Debug */,
				04BD9CFE26482D3000159500 /* Release */,
			);
			defaultConfigurationIsVisible = 0;
			defaultConfigurationName = Release;
		};
		04BD9CFF26482D3000159500 /* Build configuration list for PBXNativeTarget "Quiz" */ = {
			isa = XCConfigurationList;
			buildConfigurations = (
				04BD9D0026482D3000159500 /* Debug */,
				04BD9D0126482D3000159500 /* Release */,
			);
			defaultConfigurationIsVisible = 0;
			defaultConfigurationName = Release;
		};
		04BD9D0226482D3000159500 /* Build configuration list for PBXNativeTarget "QuizTests" */ = {
			isa = XCConfigurationList;
			buildConfigurations = (
				04BD9D0326482D3000159500 /* Debug */,
				04BD9D0426482D3000159500 /* Release */,
			);
			defaultConfigurationIsVisible = 0;
			defaultConfigurationName = Release;
		};
		04BD9D0526482D3000159500 /* Build configuration list for PBXNativeTarget "QuizUITests" */ = {
			isa = XCConfigurationList;
			buildConfigurations = (
				04BD9D0626482D3000159500 /* Debug */,
				04BD9D0726482D3000159500 /* Release */,
			);
			defaultConfigurationIsVisible = 0;
			defaultConfigurationName = Release;
		};
/* End XCConfigurationList section */
	};
	rootObject = 04BD9CCD26482D2D00159500 /* Project object */;
}
