// !$*UTF8*$!
{
	archiveVersion = 1;
	classes = {
	};
	objectVersion = 55;
	objects = {

/* Begin PBXBuildFile section */
		044FBA64287C872F0064ED37 /* LandmarksApp.swift in Sources */ = {isa = PBXBuildFile; fileRef = 044FBA63287C872F0064ED37 /* LandmarksApp.swift */; };
		044FBA66287C872F0064ED37 /* ContentView.swift in Sources */ = {isa = PBXBuildFile; fileRef = 044FBA65287C872F0064ED37 /* ContentView.swift */; };
		044FBA68287C87310064ED37 /* Assets.xcassets in Resources */ = {isa = PBXBuildFile; fileRef = 044FBA67287C87310064ED37 /* Assets.xcassets */; };
		044FBA6B287C87310064ED37 /* Preview Assets.xcassets in Resources */ = {isa = PBXBuildFile; fileRef = 044FBA6A287C87310064ED37 /* Preview Assets.xcassets */; };
		044FBA75287C87310064ED37 /* LandmarksTests.swift in Sources */ = {isa = PBXBuildFile; fileRef = 044FBA74287C87310064ED37 /* LandmarksTests.swift */; };
		044FBA7F287C87310064ED37 /* LandmarksUITests.swift in Sources */ = {isa = PBXBuildFile; fileRef = 044FBA7E287C87310064ED37 /* LandmarksUITests.swift */; };
		044FBA81287C87310064ED37 /* LandmarksUITestsLaunchTests.swift in Sources */ = {isa = PBXBuildFile; fileRef = 044FBA80287C87310064ED37 /* LandmarksUITestsLaunchTests.swift */; };
		044FBA8E287C99B30064ED37 /* CircleImage.swift in Sources */ = {isa = PBXBuildFile; fileRef = 044FBA8D287C99B30064ED37 /* CircleImage.swift */; };
		044FBA90287C9A7B0064ED37 /* MapView.swift in Sources */ = {isa = PBXBuildFile; fileRef = 044FBA8F287C9A7B0064ED37 /* MapView.swift */; };
		044FBA92287C9D5E0064ED37 /* landmarkData.json in Resources */ = {isa = PBXBuildFile; fileRef = 044FBA91287C9D5E0064ED37 /* landmarkData.json */; };
		044FBA94287C9D820064ED37 /* Landmark.swift in Sources */ = {isa = PBXBuildFile; fileRef = 044FBA93287C9D820064ED37 /* Landmark.swift */; };
		044FBA96287C9F440064ED37 /* ModelData.swift in Sources */ = {isa = PBXBuildFile; fileRef = 044FBA95287C9F440064ED37 /* ModelData.swift */; };
		044FBA9C287CA1550064ED37 /* LandmarkRow.swift in Sources */ = {isa = PBXBuildFile; fileRef = 044FBA9B287CA1550064ED37 /* LandmarkRow.swift */; };
		044FBA9E287CA2870064ED37 /* LandmarkList.swift in Sources */ = {isa = PBXBuildFile; fileRef = 044FBA9D287CA2870064ED37 /* LandmarkList.swift */; };
		044FBAA0287CA3D30064ED37 /* LandmarkDetail.swift in Sources */ = {isa = PBXBuildFile; fileRef = 044FBA9F287CA3D30064ED37 /* LandmarkDetail.swift */; };
/* End PBXBuildFile section */

/* Begin PBXContainerItemProxy section */
		044FBA71287C87310064ED37 /* PBXContainerItemProxy */ = {
			isa = PBXContainerItemProxy;
			containerPortal = 044FBA58287C872F0064ED37 /* Project object */;
			proxyType = 1;
			remoteGlobalIDString = 044FBA5F287C872F0064ED37;
			remoteInfo = Landmarks;
		};
		044FBA7B287C87310064ED37 /* PBXContainerItemProxy */ = {
			isa = PBXContainerItemProxy;
			containerPortal = 044FBA58287C872F0064ED37 /* Project object */;
			proxyType = 1;
			remoteGlobalIDString = 044FBA5F287C872F0064ED37;
			remoteInfo = Landmarks;
		};
/* End PBXContainerItemProxy section */

/* Begin PBXFileReference section */
		044FBA60287C872F0064ED37 /* Landmarks.app */ = {isa = PBXFileReference; explicitFileType = wrapper.application; includeInIndex = 0; path = Landmarks.app; sourceTree = BUILT_PRODUCTS_DIR; };
		044FBA63287C872F0064ED37 /* LandmarksApp.swift */ = {isa = PBXFileReference; lastKnownFileType = sourcecode.swift; path = LandmarksApp.swift; sourceTree = "<group>"; };
		044FBA65287C872F0064ED37 /* ContentView.swift */ = {isa = PBXFileReference; lastKnownFileType = sourcecode.swift; path = ContentView.swift; sourceTree = "<group>"; };
		044FBA67287C87310064ED37 /* Assets.xcassets */ = {isa = PBXFileReference; lastKnownFileType = folder.assetcatalog; path = Assets.xcassets; sourceTree = "<group>"; };
		044FBA6A287C87310064ED37 /* Preview Assets.xcassets */ = {isa = PBXFileReference; lastKnownFileType = folder.assetcatalog; path = "Preview Assets.xcassets"; sourceTree = "<group>"; };
		044FBA70287C87310064ED37 /* LandmarksTests.xctest */ = {isa = PBXFileReference; explicitFileType = wrapper.cfbundle; includeInIndex = 0; path = LandmarksTests.xctest; sourceTree = BUILT_PRODUCTS_DIR; };
		044FBA74287C87310064ED37 /* LandmarksTests.swift */ = {isa = PBXFileReference; lastKnownFileType = sourcecode.swift; path = LandmarksTests.swift; sourceTree = "<group>"; };
		044FBA7A287C87310064ED37 /* LandmarksUITests.xctest */ = {isa = PBXFileReference; explicitFileType = wrapper.cfbundle; includeInIndex = 0; path = LandmarksUITests.xctest; sourceTree = BUILT_PRODUCTS_DIR; };
		044FBA7E287C87310064ED37 /* LandmarksUITests.swift */ = {isa = PBXFileReference; lastKnownFileType = sourcecode.swift; path = LandmarksUITests.swift; sourceTree = "<group>"; };
		044FBA80287C87310064ED37 /* LandmarksUITestsLaunchTests.swift */ = {isa = PBXFileReference; lastKnownFileType = sourcecode.swift; path = LandmarksUITestsLaunchTests.swift; sourceTree = "<group>"; };
		044FBA8D287C99B30064ED37 /* CircleImage.swift */ = {isa = PBXFileReference; lastKnownFileType = sourcecode.swift; path = CircleImage.swift; sourceTree = "<group>"; };
		044FBA8F287C9A7B0064ED37 /* MapView.swift */ = {isa = PBXFileReference; lastKnownFileType = sourcecode.swift; path = MapView.swift; sourceTree = "<group>"; };
		044FBA91287C9D5E0064ED37 /* landmarkData.json */ = {isa = PBXFileReference; fileEncoding = 4; lastKnownFileType = text.json; path = landmarkData.json; sourceTree = "<group>"; };
		044FBA93287C9D820064ED37 /* Landmark.swift */ = {isa = PBXFileReference; lastKnownFileType = sourcecode.swift; path = Landmark.swift; sourceTree = "<group>"; };
		044FBA95287C9F440064ED37 /* ModelData.swift */ = {isa = PBXFileReference; lastKnownFileType = sourcecode.swift; path = ModelData.swift; sourceTree = "<group>"; };
		044FBA9B287CA1550064ED37 /* LandmarkRow.swift */ = {isa = PBXFileReference; lastKnownFileType = sourcecode.swift; path = LandmarkRow.swift; sourceTree = "<group>"; };
		044FBA9D287CA2870064ED37 /* LandmarkList.swift */ = {isa = PBXFileReference; lastKnownFileType = sourcecode.swift; path = LandmarkList.swift; sourceTree = "<group>"; };
		044FBA9F287CA3D30064ED37 /* LandmarkDetail.swift */ = {isa = PBXFileReference; lastKnownFileType = sourcecode.swift; path = LandmarkDetail.swift; sourceTree = "<group>"; };
/* End PBXFileReference section */

/* Begin PBXFrameworksBuildPhase section */
		044FBA5D287C872F0064ED37 /* Frameworks */ = {
			isa = PBXFrameworksBuildPhase;
			buildActionMask = 2147483647;
			files = (
			);
			runOnlyForDeploymentPostprocessing = 0;
		};
		044FBA6D287C87310064ED37 /* Frameworks */ = {
			isa = PBXFrameworksBuildPhase;
			buildActionMask = 2147483647;
			files = (
			);
			runOnlyForDeploymentPostprocessing = 0;
		};
		044FBA77287C87310064ED37 /* Frameworks */ = {
			isa = PBXFrameworksBuildPhase;
			buildActionMask = 2147483647;
			files = (
			);
			runOnlyForDeploymentPostprocessing = 0;
		};
/* End PBXFrameworksBuildPhase section */

/* Begin PBXGroup section */
		044FBA57287C872F0064ED37 = {
			isa = PBXGroup;
			children = (
				044FBA9F287CA3D30064ED37 /* LandmarkDetail.swift */,
				044FBA62287C872F0064ED37 /* Landmarks */,
				044FBA73287C87310064ED37 /* LandmarksTests */,
				044FBA7D287C87310064ED37 /* LandmarksUITests */,
				044FBA61287C872F0064ED37 /* Products */,
			);
			sourceTree = "<group>";
		};
		044FBA61287C872F0064ED37 /* Products */ = {
			isa = PBXGroup;
			children = (
				044FBA60287C872F0064ED37 /* Landmarks.app */,
				044FBA70287C87310064ED37 /* LandmarksTests.xctest */,
				044FBA7A287C87310064ED37 /* LandmarksUITests.xctest */,
			);
			name = Products;
			sourceTree = "<group>";
		};
		044FBA62287C872F0064ED37 /* Landmarks */ = {
			isa = PBXGroup;
			children = (
				044FBA9A287CA0FD0064ED37 /* Resources */,
				044FBA99287CA0F40064ED37 /* Model */,
				044FBA63287C872F0064ED37 /* LandmarksApp.swift */,
				044FBA98287CA0C40064ED37 /* Views */,
				044FBA67287C87310064ED37 /* Assets.xcassets */,
				044FBA69287C87310064ED37 /* Preview Content */,
			);
			path = Landmarks;
			sourceTree = "<group>";
		};
		044FBA69287C87310064ED37 /* Preview Content */ = {
			isa = PBXGroup;
			children = (
				044FBA6A287C87310064ED37 /* Preview Assets.xcassets */,
			);
			path = "Preview Content";
			sourceTree = "<group>";
		};
		044FBA73287C87310064ED37 /* LandmarksTests */ = {
			isa = PBXGroup;
			children = (
				044FBA74287C87310064ED37 /* LandmarksTests.swift */,
			);
			path = LandmarksTests;
			sourceTree = "<group>";
		};
		044FBA7D287C87310064ED37 /* LandmarksUITests */ = {
			isa = PBXGroup;
			children = (
				044FBA7E287C87310064ED37 /* LandmarksUITests.swift */,
				044FBA80287C87310064ED37 /* LandmarksUITestsLaunchTests.swift */,
			);
			path = LandmarksUITests;
			sourceTree = "<group>";
		};
		044FBA98287CA0C40064ED37 /* Views */ = {
			isa = PBXGroup;
			children = (
				044FBA65287C872F0064ED37 /* ContentView.swift */,
				044FBA8F287C9A7B0064ED37 /* MapView.swift */,
				044FBA8D287C99B30064ED37 /* CircleImage.swift */,
				044FBA9B287CA1550064ED37 /* LandmarkRow.swift */,
				044FBA9D287CA2870064ED37 /* LandmarkList.swift */,
			);
			path = Views;
			sourceTree = "<group>";
		};
		044FBA99287CA0F40064ED37 /* Model */ = {
			isa = PBXGroup;
			children = (
				044FBA93287C9D820064ED37 /* Landmark.swift */,
				044FBA95287C9F440064ED37 /* ModelData.swift */,
			);
			path = Model;
			sourceTree = "<group>";
		};
		044FBA9A287CA0FD0064ED37 /* Resources */ = {
			isa = PBXGroup;
			children = (
				044FBA91287C9D5E0064ED37 /* landmarkData.json */,
			);
			path = Resources;
			sourceTree = "<group>";
		};
/* End PBXGroup section */

/* Begin PBXNativeTarget section */
		044FBA5F287C872F0064ED37 /* Landmarks */ = {
			isa = PBXNativeTarget;
			buildConfigurationList = 044FBA84287C87310064ED37 /* Build configuration list for PBXNativeTarget "Landmarks" */;
			buildPhases = (
				044FBA5C287C872F0064ED37 /* Sources */,
				044FBA5D287C872F0064ED37 /* Frameworks */,
				044FBA5E287C872F0064ED37 /* Resources */,
			);
			buildRules = (
			);
			dependencies = (
			);
			name = Landmarks;
			productName = Landmarks;
			productReference = 044FBA60287C872F0064ED37 /* Landmarks.app */;
			productType = "com.apple.product-type.application";
		};
		044FBA6F287C87310064ED37 /* LandmarksTests */ = {
			isa = PBXNativeTarget;
			buildConfigurationList = 044FBA87287C87310064ED37 /* Build configuration list for PBXNativeTarget "LandmarksTests" */;
			buildPhases = (
				044FBA6C287C87310064ED37 /* Sources */,
				044FBA6D287C87310064ED37 /* Frameworks */,
				044FBA6E287C87310064ED37 /* Resources */,
			);
			buildRules = (
			);
			dependencies = (
				044FBA72287C87310064ED37 /* PBXTargetDependency */,
			);
			name = LandmarksTests;
			productName = LandmarksTests;
			productReference = 044FBA70287C87310064ED37 /* LandmarksTests.xctest */;
			productType = "com.apple.product-type.bundle.unit-test";
		};
		044FBA79287C87310064ED37 /* LandmarksUITests */ = {
			isa = PBXNativeTarget;
			buildConfigurationList = 044FBA8A287C87310064ED37 /* Build configuration list for PBXNativeTarget "LandmarksUITests" */;
			buildPhases = (
				044FBA76287C87310064ED37 /* Sources */,
				044FBA77287C87310064ED37 /* Frameworks */,
				044FBA78287C87310064ED37 /* Resources */,
			);
			buildRules = (
			);
			dependencies = (
				044FBA7C287C87310064ED37 /* PBXTargetDependency */,
			);
			name = LandmarksUITests;
			productName = LandmarksUITests;
			productReference = 044FBA7A287C87310064ED37 /* LandmarksUITests.xctest */;
			productType = "com.apple.product-type.bundle.ui-testing";
		};
/* End PBXNativeTarget section */

/* Begin PBXProject section */
		044FBA58287C872F0064ED37 /* Project object */ = {
			isa = PBXProject;
			attributes = {
				BuildIndependentTargetsInParallel = 1;
				LastSwiftUpdateCheck = 1340;
				LastUpgradeCheck = 1340;
				TargetAttributes = {
					044FBA5F287C872F0064ED37 = {
						CreatedOnToolsVersion = 13.4.1;
					};
					044FBA6F287C87310064ED37 = {
						CreatedOnToolsVersion = 13.4.1;
						TestTargetID = 044FBA5F287C872F0064ED37;
					};
					044FBA79287C87310064ED37 = {
						CreatedOnToolsVersion = 13.4.1;
						TestTargetID = 044FBA5F287C872F0064ED37;
					};
				};
			};
			buildConfigurationList = 044FBA5B287C872F0064ED37 /* Build configuration list for PBXProject "Landmarks" */;
			compatibilityVersion = "Xcode 13.0";
			developmentRegion = en;
			hasScannedForEncodings = 0;
			knownRegions = (
				en,
				Base,
			);
			mainGroup = 044FBA57287C872F0064ED37;
			productRefGroup = 044FBA61287C872F0064ED37 /* Products */;
			projectDirPath = "";
			projectRoot = "";
			targets = (
				044FBA5F287C872F0064ED37 /* Landmarks */,
				044FBA6F287C87310064ED37 /* LandmarksTests */,
				044FBA79287C87310064ED37 /* LandmarksUITests */,
			);
		};
/* End PBXProject section */

/* Begin PBXResourcesBuildPhase section */
		044FBA5E287C872F0064ED37 /* Resources */ = {
			isa = PBXResourcesBuildPhase;
			buildActionMask = 2147483647;
			files = (
				044FBA6B287C87310064ED37 /* Preview Assets.xcassets in Resources */,
				044FBA68287C87310064ED37 /* Assets.xcassets in Resources */,
				044FBA92287C9D5E0064ED37 /* landmarkData.json in Resources */,
			);
			runOnlyForDeploymentPostprocessing = 0;
		};
		044FBA6E287C87310064ED37 /* Resources */ = {
			isa = PBXResourcesBuildPhase;
			buildActionMask = 2147483647;
			files = (
			);
			runOnlyForDeploymentPostprocessing = 0;
		};
		044FBA78287C87310064ED37 /* Resources */ = {
			isa = PBXResourcesBuildPhase;
			buildActionMask = 2147483647;
			files = (
			);
			runOnlyForDeploymentPostprocessing = 0;
		};
/* End PBXResourcesBuildPhase section */

/* Begin PBXSourcesBuildPhase section */
		044FBA5C287C872F0064ED37 /* Sources */ = {
			isa = PBXSourcesBuildPhase;
			buildActionMask = 2147483647;
			files = (
				044FBA66287C872F0064ED37 /* ContentView.swift in Sources */,
				044FBA90287C9A7B0064ED37 /* MapView.swift in Sources */,
				044FBA64287C872F0064ED37 /* LandmarksApp.swift in Sources */,
				044FBA9E287CA2870064ED37 /* LandmarkList.swift in Sources */,
				044FBAA0287CA3D30064ED37 /* LandmarkDetail.swift in Sources */,
				044FBA8E287C99B30064ED37 /* CircleImage.swift in Sources */,
				044FBA94287C9D820064ED37 /* Landmark.swift in Sources */,
				044FBA9C287CA1550064ED37 /* LandmarkRow.swift in Sources */,
				044FBA96287C9F440064ED37 /* ModelData.swift in Sources */,
			);
			runOnlyForDeploymentPostprocessing = 0;
		};
		044FBA6C287C87310064ED37 /* Sources */ = {
			isa = PBXSourcesBuildPhase;
			buildActionMask = 2147483647;
			files = (
				044FBA75287C87310064ED37 /* LandmarksTests.swift in Sources */,
			);
			runOnlyForDeploymentPostprocessing = 0;
		};
		044FBA76287C87310064ED37 /* Sources */ = {
			isa = PBXSourcesBuildPhase;
			buildActionMask = 2147483647;
			files = (
				044FBA81287C87310064ED37 /* LandmarksUITestsLaunchTests.swift in Sources */,
				044FBA7F287C87310064ED37 /* LandmarksUITests.swift in Sources */,
			);
			runOnlyForDeploymentPostprocessing = 0;
		};
/* End PBXSourcesBuildPhase section */

/* Begin PBXTargetDependency section */
		044FBA72287C87310064ED37 /* PBXTargetDependency */ = {
			isa = PBXTargetDependency;
			target = 044FBA5F287C872F0064ED37 /* Landmarks */;
			targetProxy = 044FBA71287C87310064ED37 /* PBXContainerItemProxy */;
		};
		044FBA7C287C87310064ED37 /* PBXTargetDependency */ = {
			isa = PBXTargetDependency;
			target = 044FBA5F287C872F0064ED37 /* Landmarks */;
			targetProxy = 044FBA7B287C87310064ED37 /* PBXContainerItemProxy */;
		};
/* End PBXTargetDependency section */

/* Begin XCBuildConfiguration section */
		044FBA82287C87310064ED37 /* Debug */ = {
			isa = XCBuildConfiguration;
			buildSettings = {
				ALWAYS_SEARCH_USER_PATHS = NO;
				CLANG_ANALYZER_NONNULL = YES;
				CLANG_ANALYZER_NUMBER_OBJECT_CONVERSION = YES_AGGRESSIVE;
				CLANG_CXX_LANGUAGE_STANDARD = "gnu++17";
				CLANG_ENABLE_MODULES = YES;
				CLANG_ENABLE_OBJC_ARC = YES;
				CLANG_ENABLE_OBJC_WEAK = YES;
				CLANG_WARN_BLOCK_CAPTURE_AUTORELEASING = YES;
				CLANG_WARN_BOOL_CONVERSION = YES;
				CLANG_WARN_COMMA = YES;
				CLANG_WARN_CONSTANT_CONVERSION = YES;
				CLANG_WARN_DEPRECATED_OBJC_IMPLEMENTATIONS = YES;
				CLANG_WARN_DIRECT_OBJC_ISA_USAGE = YES_ERROR;
				CLANG_WARN_DOCUMENTATION_COMMENTS = YES;
				CLANG_WARN_EMPTY_BODY = YES;
				CLANG_WARN_ENUM_CONVERSION = YES;
				CLANG_WARN_INFINITE_RECURSION = YES;
				CLANG_WARN_INT_CONVERSION = YES;
				CLANG_WARN_NON_LITERAL_NULL_CONVERSION = YES;
				CLANG_WARN_OBJC_IMPLICIT_RETAIN_SELF = YES;
				CLANG_WARN_OBJC_LITERAL_CONVERSION = YES;
				CLANG_WARN_OBJC_ROOT_CLASS = YES_ERROR;
				CLANG_WARN_QUOTED_INCLUDE_IN_FRAMEWORK_HEADER = YES;
				CLANG_WARN_RANGE_LOOP_ANALYSIS = YES;
				CLANG_WARN_STRICT_PROTOTYPES = YES;
				CLANG_WARN_SUSPICIOUS_MOVE = YES;
				CLANG_WARN_UNGUARDED_AVAILABILITY = YES_AGGRESSIVE;
				CLANG_WARN_UNREACHABLE_CODE = YES;
				CLANG_WARN__DUPLICATE_METHOD_MATCH = YES;
				COPY_PHASE_STRIP = NO;
				DEBUG_INFORMATION_FORMAT = dwarf;
				ENABLE_STRICT_OBJC_MSGSEND = YES;
				ENABLE_TESTABILITY = YES;
				GCC_C_LANGUAGE_STANDARD = gnu11;
				GCC_DYNAMIC_NO_PIC = NO;
				GCC_NO_COMMON_BLOCKS = YES;
				GCC_OPTIMIZATION_LEVEL = 0;
				GCC_PREPROCESSOR_DEFINITIONS = (
					"DEBUG=1",
					"$(inherited)",
				);
				GCC_WARN_64_TO_32_BIT_CONVERSION = YES;
				GCC_WARN_ABOUT_RETURN_TYPE = YES_ERROR;
				GCC_WARN_UNDECLARED_SELECTOR = YES;
				GCC_WARN_UNINITIALIZED_AUTOS = YES_AGGRESSIVE;
				GCC_WARN_UNUSED_FUNCTION = YES;
				GCC_WARN_UNUSED_VARIABLE = YES;
				IPHONEOS_DEPLOYMENT_TARGET = 15.5;
				MTL_ENABLE_DEBUG_INFO = INCLUDE_SOURCE;
				MTL_FAST_MATH = YES;
				ONLY_ACTIVE_ARCH = YES;
				SDKROOT = iphoneos;
				SWIFT_ACTIVE_COMPILATION_CONDITIONS = DEBUG;
				SWIFT_OPTIMIZATION_LEVEL = "-Onone";
			};
			name = Debug;
		};
		044FBA83287C87310064ED37 /* Release */ = {
			isa = XCBuildConfiguration;
			buildSettings = {
				ALWAYS_SEARCH_USER_PATHS = NO;
				CLANG_ANALYZER_NONNULL = YES;
				CLANG_ANALYZER_NUMBER_OBJECT_CONVERSION = YES_AGGRESSIVE;
				CLANG_CXX_LANGUAGE_STANDARD = "gnu++17";
				CLANG_ENABLE_MODULES = YES;
				CLANG_ENABLE_OBJC_ARC = YES;
				CLANG_ENABLE_OBJC_WEAK = YES;
				CLANG_WARN_BLOCK_CAPTURE_AUTORELEASING = YES;
				CLANG_WARN_BOOL_CONVERSION = YES;
				CLANG_WARN_COMMA = YES;
				CLANG_WARN_CONSTANT_CONVERSION = YES;
				CLANG_WARN_DEPRECATED_OBJC_IMPLEMENTATIONS = YES;
				CLANG_WARN_DIRECT_OBJC_ISA_USAGE = YES_ERROR;
				CLANG_WARN_DOCUMENTATION_COMMENTS = YES;
				CLANG_WARN_EMPTY_BODY = YES;
				CLANG_WARN_ENUM_CONVERSION = YES;
				CLANG_WARN_INFINITE_RECURSION = YES;
				CLANG_WARN_INT_CONVERSION = YES;
				CLANG_WARN_NON_LITERAL_NULL_CONVERSION = YES;
				CLANG_WARN_OBJC_IMPLICIT_RETAIN_SELF = YES;
				CLANG_WARN_OBJC_LITERAL_CONVERSION = YES;
				CLANG_WARN_OBJC_ROOT_CLASS = YES_ERROR;
				CLANG_WARN_QUOTED_INCLUDE_IN_FRAMEWORK_HEADER = YES;
				CLANG_WARN_RANGE_LOOP_ANALYSIS = YES;
				CLANG_WARN_STRICT_PROTOTYPES = YES;
				CLANG_WARN_SUSPICIOUS_MOVE = YES;
				CLANG_WARN_UNGUARDED_AVAILABILITY = YES_AGGRESSIVE;
				CLANG_WARN_UNREACHABLE_CODE = YES;
				CLANG_WARN__DUPLICATE_METHOD_MATCH = YES;
				COPY_PHASE_STRIP = NO;
				DEBUG_INFORMATION_FORMAT = "dwarf-with-dsym";
				ENABLE_NS_ASSERTIONS = NO;
				ENABLE_STRICT_OBJC_MSGSEND = YES;
				GCC_C_LANGUAGE_STANDARD = gnu11;
				GCC_NO_COMMON_BLOCKS = YES;
				GCC_WARN_64_TO_32_BIT_CONVERSION = YES;
				GCC_WARN_ABOUT_RETURN_TYPE = YES_ERROR;
				GCC_WARN_UNDECLARED_SELECTOR = YES;
				GCC_WARN_UNINITIALIZED_AUTOS = YES_AGGRESSIVE;
				GCC_WARN_UNUSED_FUNCTION = YES;
				GCC_WARN_UNUSED_VARIABLE = YES;
				IPHONEOS_DEPLOYMENT_TARGET = 15.5;
				MTL_ENABLE_DEBUG_INFO = NO;
				MTL_FAST_MATH = YES;
				SDKROOT = iphoneos;
				SWIFT_COMPILATION_MODE = wholemodule;
				SWIFT_OPTIMIZATION_LEVEL = "-O";
				VALIDATE_PRODUCT = YES;
			};
			name = Release;
		};
		044FBA85287C87310064ED37 /* Debug */ = {
			isa = XCBuildConfiguration;
			buildSettings = {
				ASSETCATALOG_COMPILER_APPICON_NAME = AppIcon;
				ASSETCATALOG_COMPILER_GLOBAL_ACCENT_COLOR_NAME = AccentColor;
				CODE_SIGN_STYLE = Automatic;
				CURRENT_PROJECT_VERSION = 1;
				DEVELOPMENT_ASSET_PATHS = "\"Landmarks/Preview Content\"";
				ENABLE_PREVIEWS = YES;
				GENERATE_INFOPLIST_FILE = YES;
				INFOPLIST_KEY_UIApplicationSceneManifest_Generation = YES;
				INFOPLIST_KEY_UIApplicationSupportsIndirectInputEvents = YES;
				INFOPLIST_KEY_UILaunchScreen_Generation = YES;
				INFOPLIST_KEY_UISupportedInterfaceOrientations_iPad = "UIInterfaceOrientationPortrait UIInterfaceOrientationPortraitUpsideDown UIInterfaceOrientationLandscapeLeft UIInterfaceOrientationLandscapeRight";
				INFOPLIST_KEY_UISupportedInterfaceOrientations_iPhone = "UIInterfaceOrientationPortrait UIInterfaceOrientationLandscapeLeft UIInterfaceOrientationLandscapeRight";
				LD_RUNPATH_SEARCH_PATHS = (
					"$(inherited)",
					"@executable_path/Frameworks",
				);
				MARKETING_VERSION = 1.0;
				PRODUCT_BUNDLE_IDENTIFIER = tai.Landmarks;
				PRODUCT_NAME = "$(TARGET_NAME)";
				SWIFT_EMIT_LOC_STRINGS = YES;
				SWIFT_VERSION = 5.0;
				TARGETED_DEVICE_FAMILY = "1,2";
			};
			name = Debug;
		};
		044FBA86287C87310064ED37 /* Release */ = {
			isa = XCBuildConfiguration;
			buildSettings = {
				ASSETCATALOG_COMPILER_APPICON_NAME = AppIcon;
				ASSETCATALOG_COMPILER_GLOBAL_ACCENT_COLOR_NAME = AccentColor;
				CODE_SIGN_STYLE = Automatic;
				CURRENT_PROJECT_VERSION = 1;
				DEVELOPMENT_ASSET_PATHS = "\"Landmarks/Preview Content\"";
				ENABLE_PREVIEWS = YES;
				GENERATE_INFOPLIST_FILE = YES;
				INFOPLIST_KEY_UIApplicationSceneManifest_Generation = YES;
				INFOPLIST_KEY_UIApplicationSupportsIndirectInputEvents = YES;
				INFOPLIST_KEY_UILaunchScreen_Generation = YES;
				INFOPLIST_KEY_UISupportedInterfaceOrientations_iPad = "UIInterfaceOrientationPortrait UIInterfaceOrientationPortraitUpsideDown UIInterfaceOrientationLandscapeLeft UIInterfaceOrientationLandscapeRight";
				INFOPLIST_KEY_UISupportedInterfaceOrientations_iPhone = "UIInterfaceOrientationPortrait UIInterfaceOrientationLandscapeLeft UIInterfaceOrientationLandscapeRight";
				LD_RUNPATH_SEARCH_PATHS = (
					"$(inherited)",
					"@executable_path/Frameworks",
				);
				MARKETING_VERSION = 1.0;
				PRODUCT_BUNDLE_IDENTIFIER = tai.Landmarks;
				PRODUCT_NAME = "$(TARGET_NAME)";
				SWIFT_EMIT_LOC_STRINGS = YES;
				SWIFT_VERSION = 5.0;
				TARGETED_DEVICE_FAMILY = "1,2";
			};
			name = Release;
		};
		044FBA88287C87310064ED37 /* Debug */ = {
			isa = XCBuildConfiguration;
			buildSettings = {
				ALWAYS_EMBED_SWIFT_STANDARD_LIBRARIES = YES;
				BUNDLE_LOADER = "$(TEST_HOST)";
				CODE_SIGN_STYLE = Automatic;
				CURRENT_PROJECT_VERSION = 1;
				GENERATE_INFOPLIST_FILE = YES;
				IPHONEOS_DEPLOYMENT_TARGET = 15.5;
				MARKETING_VERSION = 1.0;
				PRODUCT_BUNDLE_IDENTIFIER = tai.LandmarksTests;
				PRODUCT_NAME = "$(TARGET_NAME)";
				SWIFT_EMIT_LOC_STRINGS = NO;
				SWIFT_VERSION = 5.0;
				TARGETED_DEVICE_FAMILY = "1,2";
				TEST_HOST = "$(BUILT_PRODUCTS_DIR)/Landmarks.app/Landmarks";
			};
			name = Debug;
		};
		044FBA89287C87310064ED37 /* Release */ = {
			isa = XCBuildConfiguration;
			buildSettings = {
				ALWAYS_EMBED_SWIFT_STANDARD_LIBRARIES = YES;
				BUNDLE_LOADER = "$(TEST_HOST)";
				CODE_SIGN_STYLE = Automatic;
				CURRENT_PROJECT_VERSION = 1;
				GENERATE_INFOPLIST_FILE = YES;
				IPHONEOS_DEPLOYMENT_TARGET = 15.5;
				MARKETING_VERSION = 1.0;
				PRODUCT_BUNDLE_IDENTIFIER = tai.LandmarksTests;
				PRODUCT_NAME = "$(TARGET_NAME)";
				SWIFT_EMIT_LOC_STRINGS = NO;
				SWIFT_VERSION = 5.0;
				TARGETED_DEVICE_FAMILY = "1,2";
				TEST_HOST = "$(BUILT_PRODUCTS_DIR)/Landmarks.app/Landmarks";
			};
			name = Release;
		};
		044FBA8B287C87310064ED37 /* Debug */ = {
			isa = XCBuildConfiguration;
			buildSettings = {
				ALWAYS_EMBED_SWIFT_STANDARD_LIBRARIES = YES;
				CODE_SIGN_STYLE = Automatic;
				CURRENT_PROJECT_VERSION = 1;
				GENERATE_INFOPLIST_FILE = YES;
				MARKETING_VERSION = 1.0;
				PRODUCT_BUNDLE_IDENTIFIER = tai.LandmarksUITests;
				PRODUCT_NAME = "$(TARGET_NAME)";
				SWIFT_EMIT_LOC_STRINGS = NO;
				SWIFT_VERSION = 5.0;
				TARGETED_DEVICE_FAMILY = "1,2";
				TEST_TARGET_NAME = Landmarks;
			};
			name = Debug;
		};
		044FBA8C287C87310064ED37 /* Release */ = {
			isa = XCBuildConfiguration;
			buildSettings = {
				ALWAYS_EMBED_SWIFT_STANDARD_LIBRARIES = YES;
				CODE_SIGN_STYLE = Automatic;
				CURRENT_PROJECT_VERSION = 1;
				GENERATE_INFOPLIST_FILE = YES;
				MARKETING_VERSION = 1.0;
				PRODUCT_BUNDLE_IDENTIFIER = tai.LandmarksUITests;
				PRODUCT_NAME = "$(TARGET_NAME)";
				SWIFT_EMIT_LOC_STRINGS = NO;
				SWIFT_VERSION = 5.0;
				TARGETED_DEVICE_FAMILY = "1,2";
				TEST_TARGET_NAME = Landmarks;
			};
			name = Release;
		};
/* End XCBuildConfiguration section */

/* Begin XCConfigurationList section */
		044FBA5B287C872F0064ED37 /* Build configuration list for PBXProject "Landmarks" */ = {
			isa = XCConfigurationList;
			buildConfigurations = (
				044FBA82287C87310064ED37 /* Debug */,
				044FBA83287C87310064ED37 /* Release */,
			);
			defaultConfigurationIsVisible = 0;
			defaultConfigurationName = Release;
		};
		044FBA84287C87310064ED37 /* Build configuration list for PBXNativeTarget "Landmarks" */ = {
			isa = XCConfigurationList;
			buildConfigurations = (
				044FBA85287C87310064ED37 /* Debug */,
				044FBA86287C87310064ED37 /* Release */,
			);
			defaultConfigurationIsVisible = 0;
			defaultConfigurationName = Release;
		};
		044FBA87287C87310064ED37 /* Build configuration list for PBXNativeTarget "LandmarksTests" */ = {
			isa = XCConfigurationList;
			buildConfigurations = (
				044FBA88287C87310064ED37 /* Debug */,
				044FBA89287C87310064ED37 /* Release */,
			);
			defaultConfigurationIsVisible = 0;
			defaultConfigurationName = Release;
		};
		044FBA8A287C87310064ED37 /* Build configuration list for PBXNativeTarget "LandmarksUITests" */ = {
			isa = XCConfigurationList;
			buildConfigurations = (
				044FBA8B287C87310064ED37 /* Debug */,
				044FBA8C287C87310064ED37 /* Release */,
			);
			defaultConfigurationIsVisible = 0;
			defaultConfigurationName = Release;
		};
/* End XCConfigurationList section */
	};
	rootObject = 044FBA58287C872F0064ED37 /* Project object */;
}
